
Microsoft Visual Studio Solution File, Format Version 12.00
# Visual Studio 2017
Project("{FAE04EC0-301F-11D3-BF4B-00C04F79EFBC}") = "Bowling", "Bowling.csproj", "{DC4B6B2B-426E-4933-2B9C-DD8EB2749C3F}"
EndProject
Project("{FAE04EC0-301F-11D3-BF4B-00C04F79EFBC}") = "Bowling.Editor", "Bowling.Editor.csproj", "{C57A6E28-0BEC-C6FD-4CBB-2280FC73A490}"
EndProject
Global
	GlobalSection(SolutionConfigurationPlatforms) = preSolution
		Debug|Any CPU = Debug|Any CPU
		Release|Any CPU = Release|Any CPU
	EndGlobalSection
	GlobalSection(ProjectConfigurationPlatforms) = postSolution
		{DC4B6B2B-426E-4933-2B9C-DD8EB2749C3F}.Debug|Any CPU.ActiveCfg = Debug|Any CPU
		{DC4B6B2B-426E-4933-2B9C-DD8EB2749C3F}.Debug|Any CPU.Build.0 = Debug|Any CPU
		{DC4B6B2B-426E-4933-2B9C-DD8EB2749C3F}.Release|Any CPU.ActiveCfg = Release|Any CPU
		{DC4B6B2B-426E-4933-2B9C-DD8EB2749C3F}.Release|Any CPU.Build.0 = Release|Any CPU
		{C57A6E28-0BEC-C6FD-4CBB-2280FC73A490}.Debug|Any CPU.ActiveCfg = Debug|Any CPU
		{C57A6E28-0BEC-C6FD-4CBB-2280FC73A490}.Debug|Any CPU.Build.0 = Debug|Any CPU
		{C57A6E28-0BEC-C6FD-4CBB-2280FC73A490}.Release|Any CPU.ActiveCfg = Release|Any CPU
		{C57A6E28-0BEC-C6FD-4CBB-2280FC73A490}.Release|Any CPU.Build.0 = Release|Any CPU
	EndGlobalSection
	GlobalSection(SolutionProperties) = preSolution
		HideSolutionNode = FALSE
	EndGlobalSection
EndGlobal
